k8s.io/api v0.34.0/go.mod h1:YzgkIzOOlhl9uwWCZNqpw6RJy9L2FK4dlJeayUoydug=
k8s.io/apimachinery v0.34.0/go.mod h1:/GwIlEcWuTX9zKIg2mbw0LRFIsXwrfoVxn+ef0X13lw=
k8s.io/component-base v0.34.0/go.mod h1:RSCqUdvIjjrEm81epPcjQ/DS+49fADvGSCkIP3IC6vg=
k8s.io/klog/v2 v2.130.1/go.mod h1:3Jpz1GvMt720eyJH1ckRHK1EDfpxISzJ7I9OYgaDtPE=
k8s.io/kubernetes v1.34.0/go.mod h1:iu+FhII+Oc/1gGWLJcer6wpyih441aNFHl7Pvm8yPto=
